
Microsoft Visual Studio Solution File, Format Version 12.00
# Visual Studio 15
Project("{FAE04EC0-301F-11D3-BF4B-00C04F79EFBC}") = "Assembly-CSharp-firstpass", "Assembly-CSharp-firstpass.csproj", "{2553D94B-4346-70A3-1C42-E3E1C393983C}"
EndProject
Project("{FAE04EC0-301F-11D3-BF4B-00C04F79EFBC}") = "Assembly-CSharp", "Assembly-CSharp.csproj", "{9AE0D2C3-F2E5-AC54-9194-74D347A384A5}"
EndProject
Project("{FAE04EC0-301F-11D3-BF4B-00C04F79EFBC}") = "Assembly-CSharp-Editor-firstpass", "Assembly-CSharp-Editor-firstpass.csproj", "{4723A265-CB11-B59E-AA70-B80820A7918F}"
EndProject
Global
	GlobalSection(SolutionConfigurationPlatforms) = preSolution
		Debug|Any CPU = Debug|Any CPU
		Release|Any CPU = Release|Any CPU
	EndGlobalSection
	GlobalSection(ProjectConfigurationPlatforms) = postSolution
		{2553D94B-4346-70A3-1C42-E3E1C393983C}.Debug|Any CPU.ActiveCfg = Debug|Any CPU
		{2553D94B-4346-70A3-1C42-E3E1C393983C}.Debug|Any CPU.Build.0 = Debug|Any CPU
		{2553D94B-4346-70A3-1C42-E3E1C393983C}.Release|Any CPU.ActiveCfg = Release|Any CPU
		{2553D94B-4346-70A3-1C42-E3E1C393983C}.Release|Any CPU.Build.0 = Release|Any CPU
		{9AE0D2C3-F2E5-AC54-9194-74D347A384A5}.Debug|Any CPU.ActiveCfg = Debug|Any CPU
		{9AE0D2C3-F2E5-AC54-9194-74D347A384A5}.Debug|Any CPU.Build.0 = Debug|Any CPU
		{9AE0D2C3-F2E5-AC54-9194-74D347A384A5}.Release|Any CPU.ActiveCfg = Release|Any CPU
		{9AE0D2C3-F2E5-AC54-9194-74D347A384A5}.Release|Any CPU.Build.0 = Release|Any CPU
		{4723A265-CB11-B59E-AA70-B80820A7918F}.Debug|Any CPU.ActiveCfg = Debug|Any CPU
		{4723A265-CB11-B59E-AA70-B80820A7918F}.Debug|Any CPU.Build.0 = Debug|Any CPU
		{4723A265-CB11-B59E-AA70-B80820A7918F}.Release|Any CPU.ActiveCfg = Release|Any CPU
		{4723A265-CB11-B59E-AA70-B80820A7918F}.Release|Any CPU.Build.0 = Release|Any CPU
	EndGlobalSection
	GlobalSection(SolutionProperties) = preSolution
		HideSolutionNode = FALSE
	EndGlobalSection
EndGlobal
